
Microsoft Visual Studio Solution File, Format Version 12.00
# Visual Studio Version 16
VisualStudioVersion = 16.0.31105.61
MinimumVisualStudioVersion = 10.0.40219.1
Project("{9A19103F-16F7-4668-BE54-9A1E7A4F7556}") = "MailSenderService", "MailSenderService\MailSenderService.csproj", "{0B2C8EC5-2751-419B-BE7E-2488FA77097E}"
EndProject
Project("{9A19103F-16F7-4668-BE54-9A1E7A4F7556}") = "EmailCoreInfra", "EmailCoreInfra\EmailCoreInfra.csproj", "{73074C2A-E66E-42E6-B831-15B5C51BEB55}"
EndProject
Project("{9A19103F-16F7-4668-BE54-9A1E7A4F7556}") = "AwsSimpleEmailServiceInfra", "AwsSimpleEmailServiceInfra\AwsSimpleEmailServiceInfra.csproj", "{A33E10DC-EF07-4662-AD96-C78371D17E09}"
EndProject
Project("{9A19103F-16F7-4668-BE54-9A1E7A4F7556}") = "AwsSimpleEmailServiceInfra.Tests", "AwsSimpleEmailServiceInfra.Tests\AwsSimpleEmailServiceInfra.Tests.csproj", "{BE440C76-DA54-4F48-98EF-FA2780F23749}"
EndProject
Project("{FAE04EC0-301F-11D3-BF4B-00C04F79EFBC}") = "ScheduledEmailTriggerInfra", "IScheduledEmailTriggerInfra\ScheduledEmailTriggerInfra.csproj", "{08057958-6F7C-4E00-AEB1-E3BA8E27EFC5}"
EndProject
Global
	GlobalSection(SolutionConfigurationPlatforms) = preSolution
		Debug|Any CPU = Debug|Any CPU
		Release|Any CPU = Release|Any CPU
	EndGlobalSection
	GlobalSection(ProjectConfigurationPlatforms) = postSolution
		{0B2C8EC5-2751-419B-BE7E-2488FA77097E}.Debug|Any CPU.ActiveCfg = Debug|Any CPU
		{0B2C8EC5-2751-419B-BE7E-2488FA77097E}.Debug|Any CPU.Build.0 = Debug|Any CPU
		{0B2C8EC5-2751-419B-BE7E-2488FA77097E}.Release|Any CPU.ActiveCfg = Release|Any CPU
		{0B2C8EC5-2751-419B-BE7E-2488FA77097E}.Release|Any CPU.Build.0 = Release|Any CPU
		{73074C2A-E66E-42E6-B831-15B5C51BEB55}.Debug|Any CPU.ActiveCfg = Debug|Any CPU
		{73074C2A-E66E-42E6-B831-15B5C51BEB55}.Debug|Any CPU.Build.0 = Debug|Any CPU
		{73074C2A-E66E-42E6-B831-15B5C51BEB55}.Release|Any CPU.ActiveCfg = Release|Any CPU
		{73074C2A-E66E-42E6-B831-15B5C51BEB55}.Release|Any CPU.Build.0 = Release|Any CPU
		{A33E10DC-EF07-4662-AD96-C78371D17E09}.Debug|Any CPU.ActiveCfg = Debug|Any CPU
		{A33E10DC-EF07-4662-AD96-C78371D17E09}.Debug|Any CPU.Build.0 = Debug|Any CPU
		{A33E10DC-EF07-4662-AD96-C78371D17E09}.Release|Any CPU.ActiveCfg = Release|Any CPU
		{A33E10DC-EF07-4662-AD96-C78371D17E09}.Release|Any CPU.Build.0 = Release|Any CPU
		{BE440C76-DA54-4F48-98EF-FA2780F23749}.Debug|Any CPU.ActiveCfg = Debug|Any CPU
		{BE440C76-DA54-4F48-98EF-FA2780F23749}.Debug|Any CPU.Build.0 = Debug|Any CPU
		{BE440C76-DA54-4F48-98EF-FA2780F23749}.Release|Any CPU.ActiveCfg = Release|Any CPU
		{BE440C76-DA54-4F48-98EF-FA2780F23749}.Release|Any CPU.Build.0 = Release|Any CPU
		{08057958-6F7C-4E00-AEB1-E3BA8E27EFC5}.Debug|Any CPU.ActiveCfg = Debug|Any CPU
		{08057958-6F7C-4E00-AEB1-E3BA8E27EFC5}.Debug|Any CPU.Build.0 = Debug|Any CPU
		{08057958-6F7C-4E00-AEB1-E3BA8E27EFC5}.Release|Any CPU.ActiveCfg = Release|Any CPU
		{08057958-6F7C-4E00-AEB1-E3BA8E27EFC5}.Release|Any CPU.Build.0 = Release|Any CPU
	EndGlobalSection
	GlobalSection(SolutionProperties) = preSolution
		HideSolutionNode = FALSE
	EndGlobalSection
	GlobalSection(ExtensibilityGlobals) = postSolution
		SolutionGuid = {8509FDB4-8930-48F7-82C1-769465238D13}
	EndGlobalSection
EndGlobal
